// !$*UTF8*$!
{
	archiveVersion = 1;
	classes = {
	};
	objectVersion = 56;
	objects = {

/* Begin PBXBuildFile section */
		041C29F8BD15094A41A68C8F /* Feature.framework in Frameworks */ = {isa = PBXBuildFile; fileRef = 733A54E62276B02DD6E6894E /* Feature.framework */; };
		408E5F60F73777AF35BEDE77 /* iOSApp.swift in Resources */ = {isa = PBXBuildFile; fileRef = BCB521EF95083CCDC3DB351D /* iOSApp.swift */; };
		6F153DB640AB7F1C9A7483D4 /* Assets.xcassets in Resources */ = {isa = PBXBuildFile; fileRef = 9A4FCF0A81BF8FBD17D57D72 /* Assets.xcassets */; };
		800A0795A2F7145042901588 /* ContentView.swift in Sources */ = {isa = PBXBuildFile; fileRef = B1440446E6794FFFCB1D192E /* ContentView.swift */; };
		89F3E57B8650324DD6D68677 /* TuistBundle+IosApp.swift in Sources */ = {isa = PBXBuildFile; fileRef = 0D254366AFC451A43819AE94 /* TuistBundle+IosApp.swift */; };
		962C0FB398C979165A1CEF9A /* Feature.framework in Embed Frameworks */ = {isa = PBXBuildFile; fileRef = 733A54E62276B02DD6E6894E /* Feature.framework */; settings = {ATTRIBUTES = (CodeSignOnCopy, RemoveHeadersOnCopy, ); }; };
		A8F2CDEEE7AD44491BE044AB /* ContentView.swift in Resources */ = {isa = PBXBuildFile; fileRef = B1440446E6794FFFCB1D192E /* ContentView.swift */; };
		A98409911835C7E75D709533 /* TuistAssets+IosApp.swift in Sources */ = {isa = PBXBuildFile; fileRef = CF0665F3679A6B6B94C4BAC6 /* TuistAssets+IosApp.swift */; };
		BF2344A464C56593017A4A96 /* Preview Assets.xcassets in Resources */ = {isa = PBXBuildFile; fileRef = 4F6646D671B743A891E8EC24 /* Preview Assets.xcassets */; };
		C77928BD293E58BA42F84625 /* KMPFramework.framework in Frameworks */ = {isa = PBXBuildFile; fileRef = C3E594F9C67583494DB08353 /* KMPFramework.framework */; };
		CBA6C3FF4057013838BD1DF8 /* iOSApp.swift in Sources */ = {isa = PBXBuildFile; fileRef = BCB521EF95083CCDC3DB351D /* iOSApp.swift */; };
		CE92C5065EAD38C50C261E29 /* FeatureView.swift in Sources */ = {isa = PBXBuildFile; fileRef = 83F1E88F64D1EE09943C703A /* FeatureView.swift */; };
		ED0E141A6AAF1B8B107A9D40 /* KMPFramework.framework in Embed Frameworks */ = {isa = PBXBuildFile; fileRef = C3E594F9C67583494DB08353 /* KMPFramework.framework */; settings = {ATTRIBUTES = (CodeSignOnCopy, RemoveHeadersOnCopy, ); }; };
		F2B13B295DE8EF96EC393256 /* KmpFramework.swift in Sources */ = {isa = PBXBuildFile; fileRef = 36EFA29666CA2D8D90489AF4 /* KmpFramework.swift */; };
/* End PBXBuildFile section */

/* Begin PBXContainerItemProxy section */
		368B723E18F1955083BF4CA0 /* PBXContainerItemProxy */ = {
			isa = PBXContainerItemProxy;
			containerPortal = 0EE6967BC4D48AACAA44C723 /* Project object */;
			proxyType = 1;
			remoteGlobalIDString = 33FE20A58D1391962B6A8923;
			remoteInfo = KMPFramework;
		};
		F49EA20B3D0A6718B247A6DA /* PBXContainerItemProxy */ = {
			isa = PBXContainerItemProxy;
			containerPortal = 0EE6967BC4D48AACAA44C723 /* Project object */;
			proxyType = 1;
			remoteGlobalIDString = 39048204D789B52355D93E05;
			remoteInfo = Feature;
		};
/* End PBXContainerItemProxy section */

/* Begin PBXCopyFilesBuildPhase section */
		2F525550D3B62EFBFFCF0487 /* Embed Frameworks */ = {
			isa = PBXCopyFilesBuildPhase;
			buildActionMask = 2147483647;
			dstPath = "";
			dstSubfolderSpec = 10;
			files = (
			);
			name = "Embed Frameworks";
			runOnlyForDeploymentPostprocessing = 0;
		};
		C97A88B1A4E98E60184899A5 /* Embed Frameworks */ = {
			isa = PBXCopyFilesBuildPhase;
			buildActionMask = 2147483647;
			dstPath = "";
			dstSubfolderSpec = 10;
			files = (
			);
			name = "Embed Frameworks";
			runOnlyForDeploymentPostprocessing = 0;
		};
		D7CC586719AF243A8C8DFB47 /* Embed Frameworks */ = {
			isa = PBXCopyFilesBuildPhase;
			buildActionMask = 2147483647;
			dstPath = "";
			dstSubfolderSpec = 10;
			files = (
				962C0FB398C979165A1CEF9A /* Feature.framework in Embed Frameworks */,
				ED0E141A6AAF1B8B107A9D40 /* KMPFramework.framework in Embed Frameworks */,
			);
			name = "Embed Frameworks";
			runOnlyForDeploymentPostprocessing = 0;
		};
/* End PBXCopyFilesBuildPhase section */

/* Begin PBXFileReference section */
		05BD767CD9D7F93BAD59F500 /* ios_app.app */ = {isa = PBXFileReference; explicitFileType = wrapper.application; includeInIndex = 0; path = ios_app.app; sourceTree = BUILT_PRODUCTS_DIR; };
		0D254366AFC451A43819AE94 /* TuistBundle+IosApp.swift */ = {isa = PBXFileReference; lastKnownFileType = sourcecode.swift; path = "TuistBundle+IosApp.swift"; sourceTree = "<group>"; };
		36EFA29666CA2D8D90489AF4 /* KmpFramework.swift */ = {isa = PBXFileReference; lastKnownFileType = sourcecode.swift; path = KmpFramework.swift; sourceTree = "<group>"; };
		3F4BB24710085A22E9466FFA /* KMPFramework-Info.plist */ = {isa = PBXFileReference; lastKnownFileType = text.plist; path = "KMPFramework-Info.plist"; sourceTree = "<group>"; };
		4F6646D671B743A891E8EC24 /* Preview Assets.xcassets */ = {isa = PBXFileReference; lastKnownFileType = folder.assetcatalog; path = "Preview Assets.xcassets"; sourceTree = "<group>"; };
		733A54E62276B02DD6E6894E /* Feature.framework */ = {isa = PBXFileReference; explicitFileType = wrapper.framework; includeInIndex = 0; path = Feature.framework; sourceTree = BUILT_PRODUCTS_DIR; };
		83F1E88F64D1EE09943C703A /* FeatureView.swift */ = {isa = PBXFileReference; lastKnownFileType = sourcecode.swift; path = FeatureView.swift; sourceTree = "<group>"; };
		8CB7760ACA95DC73597125B7 /* Feature-Info.plist */ = {isa = PBXFileReference; lastKnownFileType = text.plist; path = "Feature-Info.plist"; sourceTree = "<group>"; };
		9A4FCF0A81BF8FBD17D57D72 /* Assets.xcassets */ = {isa = PBXFileReference; lastKnownFileType = folder.assetcatalog; path = Assets.xcassets; sourceTree = "<group>"; };
		AABF105587A2F09DA684254C /* ios-app-Info.plist */ = {isa = PBXFileReference; lastKnownFileType = text.plist; path = "ios-app-Info.plist"; sourceTree = "<group>"; };
		B1440446E6794FFFCB1D192E /* ContentView.swift */ = {isa = PBXFileReference; lastKnownFileType = sourcecode.swift; path = ContentView.swift; sourceTree = "<group>"; };
		BCB521EF95083CCDC3DB351D /* iOSApp.swift */ = {isa = PBXFileReference; lastKnownFileType = sourcecode.swift; path = iOSApp.swift; sourceTree = "<group>"; };
		C3E594F9C67583494DB08353 /* KMPFramework.framework */ = {isa = PBXFileReference; explicitFileType = wrapper.framework; includeInIndex = 0; path = KMPFramework.framework; sourceTree = BUILT_PRODUCTS_DIR; };
		CF0665F3679A6B6B94C4BAC6 /* TuistAssets+IosApp.swift */ = {isa = PBXFileReference; lastKnownFileType = sourcecode.swift; path = "TuistAssets+IosApp.swift"; sourceTree = "<group>"; };
		F0E3C4EBFEA553FEBB241D44 /* ios-app.xcconfig */ = {isa = PBXFileReference; lastKnownFileType = text.xcconfig; path = "ios-app.xcconfig"; sourceTree = "<group>"; };
/* End PBXFileReference section */

/* Begin PBXFrameworksBuildPhase section */
		85086FAE523C91584760A0F4 /* Frameworks */ = {
			isa = PBXFrameworksBuildPhase;
			buildActionMask = 2147483647;
			files = (
				041C29F8BD15094A41A68C8F /* Feature.framework in Frameworks */,
			);
			runOnlyForDeploymentPostprocessing = 0;
		};
		8CFB362E818E50DA5B396DC6 /* Frameworks */ = {
			isa = PBXFrameworksBuildPhase;
			buildActionMask = 2147483647;
			files = (
				C77928BD293E58BA42F84625 /* KMPFramework.framework in Frameworks */,
			);
			runOnlyForDeploymentPostprocessing = 0;
		};
		B2658DB5750DFFF50F61D5F8 /* Frameworks */ = {
			isa = PBXFrameworksBuildPhase;
			buildActionMask = 2147483647;
			files = (
			);
			runOnlyForDeploymentPostprocessing = 0;
		};
/* End PBXFrameworksBuildPhase section */

/* Begin PBXGroup section */
		366CBDD5A81FF6A7D4D44996 /* Products */ = {
			isa = PBXGroup;
			children = (
				733A54E62276B02DD6E6894E /* Feature.framework */,
				05BD767CD9D7F93BAD59F500 /* ios_app.app */,
				C3E594F9C67583494DB08353 /* KMPFramework.framework */,
			);
			name = Products;
			sourceTree = "<group>";
		};
		3E2C07567A1E90A49656D069 /* Preview Content */ = {
			isa = PBXGroup;
			children = (
				4F6646D671B743A891E8EC24 /* Preview Assets.xcassets */,
			);
			path = "Preview Content";
			sourceTree = "<group>";
		};
		68E2E0EBEBED25E785A6FDAC /* InfoPlists */ = {
			isa = PBXGroup;
			children = (
				8CB7760ACA95DC73597125B7 /* Feature-Info.plist */,
				AABF105587A2F09DA684254C /* ios-app-Info.plist */,
				3F4BB24710085A22E9466FFA /* KMPFramework-Info.plist */,
			);
			path = InfoPlists;
			sourceTree = "<group>";
		};
		6B76ADEDAB87F8B50E3730F1 /* ios-app */ = {
			isa = PBXGroup;
			children = (
				3E2C07567A1E90A49656D069 /* Preview Content */,
				9A4FCF0A81BF8FBD17D57D72 /* Assets.xcassets */,
				B1440446E6794FFFCB1D192E /* ContentView.swift */,
				BCB521EF95083CCDC3DB351D /* iOSApp.swift */,
			);
			path = "ios-app";
			sourceTree = "<group>";
		};
		6E7A528F5FDE744BB585FD10 /* KMPFramework */ = {
			isa = PBXGroup;
			children = (
				36EFA29666CA2D8D90489AF4 /* KmpFramework.swift */,
			);
			path = KMPFramework;
			sourceTree = "<group>";
		};
		C3F849C8935B9F890A3284C8 /* Feature */ = {
			isa = PBXGroup;
			children = (
				83F1E88F64D1EE09943C703A /* FeatureView.swift */,
			);
			path = Feature;
			sourceTree = "<group>";
		};
		D0374E40F963230CE94F80C6 /* xcconfigs */ = {
			isa = PBXGroup;
			children = (
				F0E3C4EBFEA553FEBB241D44 /* ios-app.xcconfig */,
			);
			path = xcconfigs;
			sourceTree = "<group>";
		};
		D803A65BE072134D3C935BF1 /* Derived */ = {
			isa = PBXGroup;
			children = (
				68E2E0EBEBED25E785A6FDAC /* InfoPlists */,
				F58CB9C5F7062CAA3EB018B9 /* Sources */,
			);
			path = Derived;
			sourceTree = "<group>";
		};
		E3D3C85EBAA3388EEDBA60AA = {
			isa = PBXGroup;
			children = (
				366CBDD5A81FF6A7D4D44996 /* Products */,
				F4BABBF586512FB06ED5ACD5 /* Project */,
			);
			sourceTree = "<group>";
		};
		F4BABBF586512FB06ED5ACD5 /* Project */ = {
			isa = PBXGroup;
			children = (
				D803A65BE072134D3C935BF1 /* Derived */,
				C3F849C8935B9F890A3284C8 /* Feature */,
				6B76ADEDAB87F8B50E3730F1 /* ios-app */,
				6E7A528F5FDE744BB585FD10 /* KMPFramework */,
				D0374E40F963230CE94F80C6 /* xcconfigs */,
			);
			name = Project;
			sourceTree = "<group>";
		};
		F58CB9C5F7062CAA3EB018B9 /* Sources */ = {
			isa = PBXGroup;
			children = (
				CF0665F3679A6B6B94C4BAC6 /* TuistAssets+IosApp.swift */,
				0D254366AFC451A43819AE94 /* TuistBundle+IosApp.swift */,
			);
			path = Sources;
			sourceTree = "<group>";
		};
/* End PBXGroup section */

/* Begin PBXNativeTarget section */
		33FE20A58D1391962B6A8923 /* KMPFramework */ = {
			isa = PBXNativeTarget;
			buildConfigurationList = BCD13AAAFD45308435D6661F /* Build configuration list for PBXNativeTarget "KMPFramework" */;
			buildPhases = (
				110AA38ED74C1CD70D724060 /* Compile Kotlin Framework */,
				B3783168983AA364A443A5DA /* Sources */,
				AE11BA7328CD419195B08134 /* Resources */,
				B2658DB5750DFFF50F61D5F8 /* Frameworks */,
				2F525550D3B62EFBFFCF0487 /* Embed Frameworks */,
			);
			buildRules = (
			);
			dependencies = (
			);
			name = KMPFramework;
			packageProductDependencies = (
			);
			productName = KMPFramework;
			productReference = C3E594F9C67583494DB08353 /* KMPFramework.framework */;
			productType = "com.apple.product-type.framework";
		};
		39048204D789B52355D93E05 /* Feature */ = {
			isa = PBXNativeTarget;
			buildConfigurationList = 0840A451C588573C6559A1A3 /* Build configuration list for PBXNativeTarget "Feature" */;
			buildPhases = (
				A98F020510A563884C0609BD /* Sources */,
				89B699D50DC1EE49C5B666A0 /* Resources */,
				8CFB362E818E50DA5B396DC6 /* Frameworks */,
				C97A88B1A4E98E60184899A5 /* Embed Frameworks */,
			);
			buildRules = (
			);
			dependencies = (
				F28409B5AC488AAD656B3E80 /* PBXTargetDependency */,
			);
			name = Feature;
			packageProductDependencies = (
			);
			productName = Feature;
			productReference = 733A54E62276B02DD6E6894E /* Feature.framework */;
			productType = "com.apple.product-type.framework";
		};
		FC1DD20D21A034E5D954D341 /* ios-app */ = {
			isa = PBXNativeTarget;
			buildConfigurationList = 032A87B8DE408205AD184F59 /* Build configuration list for PBXNativeTarget "ios-app" */;
			buildPhases = (
				F2FE3E4B89686B3751E26793 /* Sources */,
				85BCC33E7072B828DCF2439C /* Resources */,
				85086FAE523C91584760A0F4 /* Frameworks */,
				D7CC586719AF243A8C8DFB47 /* Embed Frameworks */,
			);
			buildRules = (
			);
			dependencies = (
				1E3023C4C949236E520309A4 /* PBXTargetDependency */,
			);
			name = "ios-app";
			packageProductDependencies = (
			);
			productName = ios_app;
			productReference = 05BD767CD9D7F93BAD59F500 /* ios_app.app */;
			productType = "com.apple.product-type.application";
		};
/* End PBXNativeTarget section */

/* Begin PBXProject section */
		0EE6967BC4D48AACAA44C723 /* Project object */ = {
			isa = PBXProject;
			attributes = {
				BuildIndependentTargetsInParallel = YES;
			};
			buildConfigurationList = 4E02D9E7D979ADC62A5E35A5 /* Build configuration list for PBXProject "ios-app" */;
			compatibilityVersion = "Xcode 14.0";
			developmentRegion = en;
			hasScannedForEncodings = 0;
			knownRegions = (
				Base,
				en,
			);
			mainGroup = E3D3C85EBAA3388EEDBA60AA;
			productRefGroup = 366CBDD5A81FF6A7D4D44996 /* Products */;
			projectDirPath = "";
			projectRoot = "";
			targets = (
				39048204D789B52355D93E05 /* Feature */,
				33FE20A58D1391962B6A8923 /* KMPFramework */,
				FC1DD20D21A034E5D954D341 /* ios-app */,
			);
		};
/* End PBXProject section */

/* Begin PBXResourcesBuildPhase section */
		85BCC33E7072B828DCF2439C /* Resources */ = {
			isa = PBXResourcesBuildPhase;
			buildActionMask = 2147483647;
			files = (
				6F153DB640AB7F1C9A7483D4 /* Assets.xcassets in Resources */,
				A8F2CDEEE7AD44491BE044AB /* ContentView.swift in Resources */,
				BF2344A464C56593017A4A96 /* Preview Assets.xcassets in Resources */,
				408E5F60F73777AF35BEDE77 /* iOSApp.swift in Resources */,
			);
			runOnlyForDeploymentPostprocessing = 0;
		};
		89B699D50DC1EE49C5B666A0 /* Resources */ = {
			isa = PBXResourcesBuildPhase;
			buildActionMask = 2147483647;
			files = (
			);
			runOnlyForDeploymentPostprocessing = 0;
		};
		AE11BA7328CD419195B08134 /* Resources */ = {
			isa = PBXResourcesBuildPhase;
			buildActionMask = 2147483647;
			files = (
			);
			runOnlyForDeploymentPostprocessing = 0;
		};
/* End PBXResourcesBuildPhase section */

/* Begin PBXShellScriptBuildPhase section */
		110AA38ED74C1CD70D724060 /* Compile Kotlin Framework */ = {
			isa = PBXShellScriptBuildPhase;
			buildActionMask = 2147483647;
			files = (
			);
			inputFileListPaths = (
			);
			inputPaths = (
			);
			name = "Compile Kotlin Framework";
			outputFileListPaths = (
			);
			outputPaths = (
			);
			runOnlyForDeploymentPostprocessing = 0;
			shellPath = /bin/sh;
			shellScript = "cd \"$SRCROOT/..\"\n./gradlew :ios:kmp-umbrella:embedAndSignAppleFrameworkForXcode";
		};
/* End PBXShellScriptBuildPhase section */

/* Begin PBXSourcesBuildPhase section */
		A98F020510A563884C0609BD /* Sources */ = {
			isa = PBXSourcesBuildPhase;
			buildActionMask = 2147483647;
			files = (
				CE92C5065EAD38C50C261E29 /* FeatureView.swift in Sources */,
			);
			runOnlyForDeploymentPostprocessing = 0;
		};
		B3783168983AA364A443A5DA /* Sources */ = {
			isa = PBXSourcesBuildPhase;
			buildActionMask = 2147483647;
			files = (
				F2B13B295DE8EF96EC393256 /* KmpFramework.swift in Sources */,
			);
			runOnlyForDeploymentPostprocessing = 0;
		};
		F2FE3E4B89686B3751E26793 /* Sources */ = {
			isa = PBXSourcesBuildPhase;
			buildActionMask = 2147483647;
			files = (
				A98409911835C7E75D709533 /* TuistAssets+IosApp.swift in Sources */,
				89F3E57B8650324DD6D68677 /* TuistBundle+IosApp.swift in Sources */,
				800A0795A2F7145042901588 /* ContentView.swift in Sources */,
				CBA6C3FF4057013838BD1DF8 /* iOSApp.swift in Sources */,
			);
			runOnlyForDeploymentPostprocessing = 0;
		};
/* End PBXSourcesBuildPhase section */

/* Begin PBXTargetDependency section */
		1E3023C4C949236E520309A4 /* PBXTargetDependency */ = {
			isa = PBXTargetDependency;
			name = Feature;
			target = 39048204D789B52355D93E05 /* Feature */;
			targetProxy = F49EA20B3D0A6718B247A6DA /* PBXContainerItemProxy */;
		};
		F28409B5AC488AAD656B3E80 /* PBXTargetDependency */ = {
			isa = PBXTargetDependency;
			name = KMPFramework;
			target = 33FE20A58D1391962B6A8923 /* KMPFramework */;
			targetProxy = 368B723E18F1955083BF4CA0 /* PBXContainerItemProxy */;
		};
/* End PBXTargetDependency section */

/* Begin XCBuildConfiguration section */
		6D03FF8E5EB6E6B94AB0EDFC /* Debug */ = {
			isa = XCBuildConfiguration;
			baseConfigurationReference = F0E3C4EBFEA553FEBB241D44 /* ios-app.xcconfig */;
			buildSettings = {
				ALWAYS_SEARCH_USER_PATHS = NO;
				CLANG_ANALYZER_LOCALIZABILITY_NONLOCALIZED = YES;
				CLANG_ANALYZER_NONNULL = YES;
				CLANG_ANALYZER_NUMBER_OBJECT_CONVERSION = YES_AGGRESSIVE;
				CLANG_CXX_LANGUAGE_STANDARD = "gnu++14";
				CLANG_CXX_LIBRARY = "libc++";
				CLANG_ENABLE_MODULES = YES;
				CLANG_ENABLE_OBJC_ARC = YES;
				CLANG_ENABLE_OBJC_WEAK = YES;
				CLANG_WARN_BLOCK_CAPTURE_AUTORELEASING = YES;
				CLANG_WARN_BOOL_CONVERSION = YES;
				CLANG_WARN_COMMA = YES;
				CLANG_WARN_CONSTANT_CONVERSION = YES;
				CLANG_WARN_DEPRECATED_OBJC_IMPLEMENTATIONS = YES;
				CLANG_WARN_DIRECT_OBJC_ISA_USAGE = YES_ERROR;
				CLANG_WARN_DOCUMENTATION_COMMENTS = YES;
				CLANG_WARN_EMPTY_BODY = YES;
				CLANG_WARN_ENUM_CONVERSION = YES;
				CLANG_WARN_INFINITE_RECURSION = YES;
				CLANG_WARN_INT_CONVERSION = YES;
				CLANG_WARN_NON_LITERAL_NULL_CONVERSION = YES;
				CLANG_WARN_OBJC_IMPLICIT_RETAIN_SELF = YES;
				CLANG_WARN_OBJC_LITERAL_CONVERSION = YES;
				CLANG_WARN_OBJC_ROOT_CLASS = YES_ERROR;
				CLANG_WARN_QUOTED_INCLUDE_IN_FRAMEWORK_HEADER = YES;
				CLANG_WARN_RANGE_LOOP_ANALYSIS = YES;
				CLANG_WARN_STRICT_PROTOTYPES = YES;
				CLANG_WARN_SUSPICIOUS_MOVE = YES;
				CLANG_WARN_UNGUARDED_AVAILABILITY = YES_AGGRESSIVE;
				CLANG_WARN_UNREACHABLE_CODE = YES;
				CLANG_WARN__DUPLICATE_METHOD_MATCH = YES;
				COPY_PHASE_STRIP = NO;
				DEAD_CODE_STRIPPING = YES;
				DEBUG_INFORMATION_FORMAT = dwarf;
				ENABLE_STRICT_OBJC_MSGSEND = YES;
				ENABLE_TESTABILITY = YES;
				GCC_C_LANGUAGE_STANDARD = gnu11;
				GCC_DYNAMIC_NO_PIC = NO;
				GCC_NO_COMMON_BLOCKS = YES;
				GCC_OPTIMIZATION_LEVEL = 0;
				GCC_PREPROCESSOR_DEFINITIONS = (
					"DEBUG=1",
					"$(inherited)",
				);
				GCC_WARN_64_TO_32_BIT_CONVERSION = YES;
				GCC_WARN_ABOUT_RETURN_TYPE = YES_ERROR;
				GCC_WARN_UNDECLARED_SELECTOR = YES;
				GCC_WARN_UNINITIALIZED_AUTOS = YES_AGGRESSIVE;
				GCC_WARN_UNUSED_FUNCTION = YES;
				GCC_WARN_UNUSED_VARIABLE = YES;
				MTL_ENABLE_DEBUG_INFO = YES;
				ONLY_ACTIVE_ARCH = YES;
				PRODUCT_NAME = "$(TARGET_NAME)";
			};
			name = Debug;
		};
		789A76DB1C57492EB00B6A57 /* Debug */ = {
			isa = XCBuildConfiguration;
			buildSettings = {
				CODE_SIGN_IDENTITY = "";
				CURRENT_PROJECT_VERSION = 1;
				DEFINES_MODULE = YES;
				DYLIB_COMPATIBILITY_VERSION = 1;
				DYLIB_CURRENT_VERSION = 1;
				DYLIB_INSTALL_NAME_BASE = "@rpath";
				INFOPLIST_FILE = "Derived/InfoPlists/Feature-Info.plist";
				INSTALL_PATH = "$(LOCAL_LIBRARY_DIR)/Frameworks";
				LD_RUNPATH_SEARCH_PATHS = (
					"$(inherited)",
					"@executable_path/Frameworks",
					"@loader_path/Frameworks",
				);
				PRODUCT_BUNDLE_IDENTIFIER = "$(PRODUCT_BUNDLE_IDENTIFIER).feature";
				PRODUCT_NAME = Feature;
				SDKROOT = iphoneos;
				SKIP_INSTALL = YES;
				SUPPORTS_MACCATALYST = NO;
				SUPPORTS_MAC_DESIGNED_FOR_IPHONE_IPAD = YES;
				SUPPORTS_XR_DESIGNED_FOR_IPHONE_IPAD = NO;
				SWIFT_ACTIVE_COMPILATION_CONDITIONS = "$(inherited) DEBUG";
				SWIFT_COMPILATION_MODE = singlefile;
				SWIFT_OPTIMIZATION_LEVEL = "-Onone";
				SWIFT_VERSION = 5.0;
				TARGETED_DEVICE_FAMILY = "1,2";
				VERSIONING_SYSTEM = "apple-generic";
				VERSION_INFO_PREFIX = "";
			};
			name = Debug;
		};
		8BECE36A1DE3462C5B54854C /* Debug */ = {
			isa = XCBuildConfiguration;
			buildSettings = {
				ASSETCATALOG_COMPILER_APPICON_NAME = AppIcon;
				ASSETCATALOG_COMPILER_GLOBAL_ACCENT_COLOR_NAME = AccentColor;
				CODE_SIGN_IDENTITY = "iPhone Developer";
				ENABLE_PREVIEWS = YES;
				INFOPLIST_FILE = "Derived/InfoPlists/ios-app-Info.plist";
				LD_RUNPATH_SEARCH_PATHS = (
					"$(inherited)",
					"@executable_path/Frameworks",
				);
				PRODUCT_BUNDLE_IDENTIFIER = "$(PRODUCT_BUNDLE_IDENTIFIER)";
				PRODUCT_NAME = ios_app;
				SDKROOT = iphoneos;
				SUPPORTS_MACCATALYST = NO;
				SUPPORTS_MAC_DESIGNED_FOR_IPHONE_IPAD = YES;
				SUPPORTS_XR_DESIGNED_FOR_IPHONE_IPAD = NO;
				SWIFT_ACTIVE_COMPILATION_CONDITIONS = "$(inherited) DEBUG";
				SWIFT_COMPILATION_MODE = singlefile;
				SWIFT_OPTIMIZATION_LEVEL = "-Onone";
				SWIFT_VERSION = 5.0;
				TARGETED_DEVICE_FAMILY = "1,2";
			};
			name = Debug;
		};
		A9F6A7B25AC72F86257026D4 /* Release */ = {
			isa = XCBuildConfiguration;
			buildSettings = {
				ASSETCATALOG_COMPILER_APPICON_NAME = AppIcon;
				ASSETCATALOG_COMPILER_GLOBAL_ACCENT_COLOR_NAME = AccentColor;
				CODE_SIGN_IDENTITY = "iPhone Developer";
				ENABLE_PREVIEWS = YES;
				INFOPLIST_FILE = "Derived/InfoPlists/ios-app-Info.plist";
				LD_RUNPATH_SEARCH_PATHS = (
					"$(inherited)",
					"@executable_path/Frameworks",
				);
				PRODUCT_BUNDLE_IDENTIFIER = "$(PRODUCT_BUNDLE_IDENTIFIER)";
				PRODUCT_NAME = ios_app;
				SDKROOT = iphoneos;
				SUPPORTS_MACCATALYST = NO;
				SUPPORTS_MAC_DESIGNED_FOR_IPHONE_IPAD = YES;
				SUPPORTS_XR_DESIGNED_FOR_IPHONE_IPAD = NO;
				SWIFT_COMPILATION_MODE = wholemodule;
				SWIFT_OPTIMIZATION_LEVEL = "-O";
				SWIFT_VERSION = 5.0;
				TARGETED_DEVICE_FAMILY = "1,2";
			};
			name = Release;
		};
		DBB151484F5C1886704124CD /* Release */ = {
			isa = XCBuildConfiguration;
			buildSettings = {
				CODE_SIGN_IDENTITY = "";
				CURRENT_PROJECT_VERSION = 1;
				DEFINES_MODULE = YES;
				DYLIB_COMPATIBILITY_VERSION = 1;
				DYLIB_CURRENT_VERSION = 1;
				DYLIB_INSTALL_NAME_BASE = "@rpath";
				INFOPLIST_FILE = "Derived/InfoPlists/Feature-Info.plist";
				INSTALL_PATH = "$(LOCAL_LIBRARY_DIR)/Frameworks";
				LD_RUNPATH_SEARCH_PATHS = (
					"$(inherited)",
					"@executable_path/Frameworks",
					"@loader_path/Frameworks",
				);
				PRODUCT_BUNDLE_IDENTIFIER = "$(PRODUCT_BUNDLE_IDENTIFIER).feature";
				PRODUCT_NAME = Feature;
				SDKROOT = iphoneos;
				SKIP_INSTALL = YES;
				SUPPORTS_MACCATALYST = NO;
				SUPPORTS_MAC_DESIGNED_FOR_IPHONE_IPAD = YES;
				SUPPORTS_XR_DESIGNED_FOR_IPHONE_IPAD = NO;
				SWIFT_COMPILATION_MODE = wholemodule;
				SWIFT_OPTIMIZATION_LEVEL = "-O";
				SWIFT_VERSION = 5.0;
				TARGETED_DEVICE_FAMILY = "1,2";
				VERSIONING_SYSTEM = "apple-generic";
				VERSION_INFO_PREFIX = "";
			};
			name = Release;
		};
		E3791687D831283ED7CA96CD /* Release */ = {
			isa = XCBuildConfiguration;
			baseConfigurationReference = F0E3C4EBFEA553FEBB241D44 /* ios-app.xcconfig */;
			buildSettings = {
				ALWAYS_SEARCH_USER_PATHS = NO;
				CLANG_ANALYZER_LOCALIZABILITY_NONLOCALIZED = YES;
				CLANG_ANALYZER_NONNULL = YES;
				CLANG_ANALYZER_NUMBER_OBJECT_CONVERSION = YES_AGGRESSIVE;
				CLANG_CXX_LANGUAGE_STANDARD = "gnu++14";
				CLANG_CXX_LIBRARY = "libc++";
				CLANG_ENABLE_MODULES = YES;
				CLANG_ENABLE_OBJC_ARC = YES;
				CLANG_ENABLE_OBJC_WEAK = YES;
				CLANG_WARN_BLOCK_CAPTURE_AUTORELEASING = YES;
				CLANG_WARN_BOOL_CONVERSION = YES;
				CLANG_WARN_COMMA = YES;
				CLANG_WARN_CONSTANT_CONVERSION = YES;
				CLANG_WARN_DEPRECATED_OBJC_IMPLEMENTATIONS = YES;
				CLANG_WARN_DIRECT_OBJC_ISA_USAGE = YES_ERROR;
				CLANG_WARN_DOCUMENTATION_COMMENTS = YES;
				CLANG_WARN_EMPTY_BODY = YES;
				CLANG_WARN_ENUM_CONVERSION = YES;
				CLANG_WARN_INFINITE_RECURSION = YES;
				CLANG_WARN_INT_CONVERSION = YES;
				CLANG_WARN_NON_LITERAL_NULL_CONVERSION = YES;
				CLANG_WARN_OBJC_IMPLICIT_RETAIN_SELF = YES;
				CLANG_WARN_OBJC_LITERAL_CONVERSION = YES;
				CLANG_WARN_OBJC_ROOT_CLASS = YES_ERROR;
				CLANG_WARN_QUOTED_INCLUDE_IN_FRAMEWORK_HEADER = YES;
				CLANG_WARN_RANGE_LOOP_ANALYSIS = YES;
				CLANG_WARN_STRICT_PROTOTYPES = YES;
				CLANG_WARN_SUSPICIOUS_MOVE = YES;
				CLANG_WARN_UNGUARDED_AVAILABILITY = YES_AGGRESSIVE;
				CLANG_WARN_UNREACHABLE_CODE = YES;
				CLANG_WARN__DUPLICATE_METHOD_MATCH = YES;
				COPY_PHASE_STRIP = NO;
				DEAD_CODE_STRIPPING = YES;
				DEBUG_INFORMATION_FORMAT = "dwarf-with-dsym";
				ENABLE_NS_ASSERTIONS = NO;
				ENABLE_STRICT_OBJC_MSGSEND = YES;
				GCC_C_LANGUAGE_STANDARD = gnu11;
				GCC_NO_COMMON_BLOCKS = YES;
				GCC_WARN_64_TO_32_BIT_CONVERSION = YES;
				GCC_WARN_ABOUT_RETURN_TYPE = YES_ERROR;
				GCC_WARN_UNDECLARED_SELECTOR = YES;
				GCC_WARN_UNINITIALIZED_AUTOS = YES_AGGRESSIVE;
				GCC_WARN_UNUSED_FUNCTION = YES;
				GCC_WARN_UNUSED_VARIABLE = YES;
				MTL_ENABLE_DEBUG_INFO = NO;
				PRODUCT_NAME = "$(TARGET_NAME)";
				VALIDATE_PRODUCT = YES;
			};
			name = Release;
		};
		ECF29DD7E194ACAC9745483D /* Debug */ = {
			isa = XCBuildConfiguration;
			buildSettings = {
				CODE_SIGN_IDENTITY = "";
				CURRENT_PROJECT_VERSION = 1;
				DEFINES_MODULE = YES;
				DYLIB_COMPATIBILITY_VERSION = 1;
				DYLIB_CURRENT_VERSION = 1;
				DYLIB_INSTALL_NAME_BASE = "@rpath";
				FRAMEWORK_SEARCH_PATHS = "kmp-umbrella/build/xcode-frameworks/**";
				INFOPLIST_FILE = "Derived/InfoPlists/KMPFramework-Info.plist";
				INSTALL_PATH = "$(LOCAL_LIBRARY_DIR)/Frameworks";
				LD_RUNPATH_SEARCH_PATHS = (
					"$(inherited)",
					"@executable_path/Frameworks",
					"@loader_path/Frameworks",
				);
				OTHER_LDFLAGS = (
					"-framework",
					shared,
				);
				PRODUCT_BUNDLE_IDENTIFIER = "$(PRODUCT_BUNDLE_IDENTIFIER).kmp.framework";
				PRODUCT_NAME = KMPFramework;
				SDKROOT = iphoneos;
				SKIP_INSTALL = YES;
				SUPPORTS_MACCATALYST = NO;
				SUPPORTS_MAC_DESIGNED_FOR_IPHONE_IPAD = YES;
				SUPPORTS_XR_DESIGNED_FOR_IPHONE_IPAD = NO;
				SWIFT_ACTIVE_COMPILATION_CONDITIONS = "$(inherited) DEBUG";
				SWIFT_COMPILATION_MODE = singlefile;
				SWIFT_OPTIMIZATION_LEVEL = "-Onone";
				SWIFT_VERSION = 5.0;
				TARGETED_DEVICE_FAMILY = "1,2";
				VERSIONING_SYSTEM = "apple-generic";
				VERSION_INFO_PREFIX = "";
			};
			name = Debug;
		};
		FBA23E2DDABA59410F54637C /* Release */ = {
			isa = XCBuildConfiguration;
			buildSettings = {
				CODE_SIGN_IDENTITY = "";
				CURRENT_PROJECT_VERSION = 1;
				DEFINES_MODULE = YES;
				DYLIB_COMPATIBILITY_VERSION = 1;
				DYLIB_CURRENT_VERSION = 1;
				DYLIB_INSTALL_NAME_BASE = "@rpath";
				FRAMEWORK_SEARCH_PATHS = "kmp-umbrella/build/xcode-frameworks/**";
				INFOPLIST_FILE = "Derived/InfoPlists/KMPFramework-Info.plist";
				INSTALL_PATH = "$(LOCAL_LIBRARY_DIR)/Frameworks";
				LD_RUNPATH_SEARCH_PATHS = (
					"$(inherited)",
					"@executable_path/Frameworks",
					"@loader_path/Frameworks",
				);
				OTHER_LDFLAGS = (
					"-framework",
					shared,
				);
				PRODUCT_BUNDLE_IDENTIFIER = "$(PRODUCT_BUNDLE_IDENTIFIER).kmp.framework";
				PRODUCT_NAME = KMPFramework;
				SDKROOT = iphoneos;
				SKIP_INSTALL = YES;
				SUPPORTS_MACCATALYST = NO;
				SUPPORTS_MAC_DESIGNED_FOR_IPHONE_IPAD = YES;
				SUPPORTS_XR_DESIGNED_FOR_IPHONE_IPAD = NO;
				SWIFT_COMPILATION_MODE = wholemodule;
				SWIFT_OPTIMIZATION_LEVEL = "-O";
				SWIFT_VERSION = 5.0;
				TARGETED_DEVICE_FAMILY = "1,2";
				VERSIONING_SYSTEM = "apple-generic";
				VERSION_INFO_PREFIX = "";
			};
			name = Release;
		};
/* End XCBuildConfiguration section */

/* Begin XCConfigurationList section */
		032A87B8DE408205AD184F59 /* Build configuration list for PBXNativeTarget "ios-app" */ = {
			isa = XCConfigurationList;
			buildConfigurations = (
				8BECE36A1DE3462C5B54854C /* Debug */,
				A9F6A7B25AC72F86257026D4 /* Release */,
			);
			defaultConfigurationIsVisible = 0;
			defaultConfigurationName = Release;
		};
		0840A451C588573C6559A1A3 /* Build configuration list for PBXNativeTarget "Feature" */ = {
			isa = XCConfigurationList;
			buildConfigurations = (
				789A76DB1C57492EB00B6A57 /* Debug */,
				DBB151484F5C1886704124CD /* Release */,
			);
			defaultConfigurationIsVisible = 0;
			defaultConfigurationName = Release;
		};
		4E02D9E7D979ADC62A5E35A5 /* Build configuration list for PBXProject "ios-app" */ = {
			isa = XCConfigurationList;
			buildConfigurations = (
				6D03FF8E5EB6E6B94AB0EDFC /* Debug */,
				E3791687D831283ED7CA96CD /* Release */,
			);
			defaultConfigurationIsVisible = 0;
			defaultConfigurationName = Release;
		};
		BCD13AAAFD45308435D6661F /* Build configuration list for PBXNativeTarget "KMPFramework" */ = {
			isa = XCConfigurationList;
			buildConfigurations = (
				ECF29DD7E194ACAC9745483D /* Debug */,
				FBA23E2DDABA59410F54637C /* Release */,
			);
			defaultConfigurationIsVisible = 0;
			defaultConfigurationName = Release;
		};
/* End XCConfigurationList section */
	};
	rootObject = 0EE6967BC4D48AACAA44C723 /* Project object */;
}
