// !$*UTF8*$!
{
	archiveVersion = 1;
	classes = {
	};
	objectVersion = 55;
	objects = {

/* Begin PBXBuildFile section */
		0A4197DF949E9BB3658A851B /* FeatureAView.swift in Sources */ = {isa = PBXBuildFile; fileRef = E2CDEEC2E17C440F7A517F0E /* FeatureAView.swift */; };
		408E5F60F73777AF35BEDE77 /* iOSApp.swift in Resources */ = {isa = PBXBuildFile; fileRef = BCB521EF95083CCDC3DB351D /* iOSApp.swift */; };
		5BC01E2DCA2BE1B19B4CFFAF /* Feature_a.framework in Frameworks */ = {isa = PBXBuildFile; fileRef = 886D5A178294D9B74FCD9D03 /* Feature_a.framework */; };
		6F153DB640AB7F1C9A7483D4 /* Assets.xcassets in Resources */ = {isa = PBXBuildFile; fileRef = 9A4FCF0A81BF8FBD17D57D72 /* Assets.xcassets */; };
		800A0795A2F7145042901588 /* ContentView.swift in Sources */ = {isa = PBXBuildFile; fileRef = B1440446E6794FFFCB1D192E /* ContentView.swift */; };
		89F3E57B8650324DD6D68677 /* TuistBundle+IosApp.swift in Sources */ = {isa = PBXBuildFile; fileRef = 0D254366AFC451A43819AE94 /* TuistBundle+IosApp.swift */; };
		A8F2CDEEE7AD44491BE044AB /* ContentView.swift in Resources */ = {isa = PBXBuildFile; fileRef = B1440446E6794FFFCB1D192E /* ContentView.swift */; };
		A98409911835C7E75D709533 /* TuistAssets+IosApp.swift in Sources */ = {isa = PBXBuildFile; fileRef = CF0665F3679A6B6B94C4BAC6 /* TuistAssets+IosApp.swift */; };
		BF2344A464C56593017A4A96 /* Preview Assets.xcassets in Resources */ = {isa = PBXBuildFile; fileRef = 4F6646D671B743A891E8EC24 /* Preview Assets.xcassets */; };
		CBA6C3FF4057013838BD1DF8 /* iOSApp.swift in Sources */ = {isa = PBXBuildFile; fileRef = BCB521EF95083CCDC3DB351D /* iOSApp.swift */; };
		CE7E906BFACB0C052BCA72A6 /* KMPFramework.framework in Frameworks */ = {isa = PBXBuildFile; fileRef = C3E594F9C67583494DB08353 /* KMPFramework.framework */; };
		D183043EFC0F39C6AAF08193 /* Feature_a.framework in Embed Frameworks */ = {isa = PBXBuildFile; fileRef = 886D5A178294D9B74FCD9D03 /* Feature_a.framework */; settings = {ATTRIBUTES = (CodeSignOnCopy, RemoveHeadersOnCopy, ); }; };
		ED0E141A6AAF1B8B107A9D40 /* KMPFramework.framework in Embed Frameworks */ = {isa = PBXBuildFile; fileRef = C3E594F9C67583494DB08353 /* KMPFramework.framework */; settings = {ATTRIBUTES = (CodeSignOnCopy, RemoveHeadersOnCopy, ); }; };
		F2B13B295DE8EF96EC393256 /* KmpFramework.swift in Sources */ = {isa = PBXBuildFile; fileRef = 36EFA29666CA2D8D90489AF4 /* KmpFramework.swift */; };
/* End PBXBuildFile section */

/* Begin PBXContainerItemProxy section */
		9E7DD28067149BD32791A42C /* PBXContainerItemProxy */ = {
			isa = PBXContainerItemProxy;
			containerPortal = 0EE6967BC4D48AACAA44C723 /* Project object */;
			proxyType = 1;
			remoteGlobalIDString = 3B44B85651061F0CBF62D4B3;
			remoteInfo = "Feature-a";
		};
		B8C209AD13AB3BB25E3AC564 /* PBXContainerItemProxy */ = {
			isa = PBXContainerItemProxy;
			containerPortal = 0EE6967BC4D48AACAA44C723 /* Project object */;
			proxyType = 1;
			remoteGlobalIDString = 33FE20A58D1391962B6A8923;
			remoteInfo = KMPFramework;
		};
/* End PBXContainerItemProxy section */

/* Begin PBXCopyFilesBuildPhase section */
		2F525550D3B62EFBFFCF0487 /* Embed Frameworks */ = {
			isa = PBXCopyFilesBuildPhase;
			buildActionMask = 2147483647;
			dstPath = "";
			dstSubfolderSpec = 10;
			files = (
			);
			name = "Embed Frameworks";
			runOnlyForDeploymentPostprocessing = 0;
		};
		8E878AE6DC214D4F7EF97DBB /* Embed Frameworks */ = {
			isa = PBXCopyFilesBuildPhase;
			buildActionMask = 2147483647;
			dstPath = "";
			dstSubfolderSpec = 10;
			files = (
			);
			name = "Embed Frameworks";
			runOnlyForDeploymentPostprocessing = 0;
		};
		D7CC586719AF243A8C8DFB47 /* Embed Frameworks */ = {
			isa = PBXCopyFilesBuildPhase;
			buildActionMask = 2147483647;
			dstPath = "";
			dstSubfolderSpec = 10;
			files = (
				D183043EFC0F39C6AAF08193 /* Feature_a.framework in Embed Frameworks */,
				ED0E141A6AAF1B8B107A9D40 /* KMPFramework.framework in Embed Frameworks */,
			);
			name = "Embed Frameworks";
			runOnlyForDeploymentPostprocessing = 0;
		};
/* End PBXCopyFilesBuildPhase section */

/* Begin PBXFileReference section */
		05BD767CD9D7F93BAD59F500 /* ios_app.app */ = {isa = PBXFileReference; explicitFileType = wrapper.application; includeInIndex = 0; path = ios_app.app; sourceTree = BUILT_PRODUCTS_DIR; };
		0D254366AFC451A43819AE94 /* TuistBundle+IosApp.swift */ = {isa = PBXFileReference; lastKnownFileType = sourcecode.swift; path = "TuistBundle+IosApp.swift"; sourceTree = "<group>"; };
		36EFA29666CA2D8D90489AF4 /* KmpFramework.swift */ = {isa = PBXFileReference; lastKnownFileType = sourcecode.swift; path = KmpFramework.swift; sourceTree = "<group>"; };
		3F4BB24710085A22E9466FFA /* KMPFramework-Info.plist */ = {isa = PBXFileReference; lastKnownFileType = text.plist; path = "KMPFramework-Info.plist"; sourceTree = "<group>"; };
		4F6646D671B743A891E8EC24 /* Preview Assets.xcassets */ = {isa = PBXFileReference; lastKnownFileType = folder.assetcatalog; path = "Preview Assets.xcassets"; sourceTree = "<group>"; };
		886D5A178294D9B74FCD9D03 /* Feature_a.framework */ = {isa = PBXFileReference; explicitFileType = wrapper.framework; includeInIndex = 0; path = Feature_a.framework; sourceTree = BUILT_PRODUCTS_DIR; };
		9A4FCF0A81BF8FBD17D57D72 /* Assets.xcassets */ = {isa = PBXFileReference; lastKnownFileType = folder.assetcatalog; path = Assets.xcassets; sourceTree = "<group>"; };
		AABF105587A2F09DA684254C /* ios-app-Info.plist */ = {isa = PBXFileReference; lastKnownFileType = text.plist; path = "ios-app-Info.plist"; sourceTree = "<group>"; };
		B1440446E6794FFFCB1D192E /* ContentView.swift */ = {isa = PBXFileReference; lastKnownFileType = sourcecode.swift; path = ContentView.swift; sourceTree = "<group>"; };
		BCB521EF95083CCDC3DB351D /* iOSApp.swift */ = {isa = PBXFileReference; lastKnownFileType = sourcecode.swift; path = iOSApp.swift; sourceTree = "<group>"; };
		C3E594F9C67583494DB08353 /* KMPFramework.framework */ = {isa = PBXFileReference; explicitFileType = wrapper.framework; includeInIndex = 0; path = KMPFramework.framework; sourceTree = BUILT_PRODUCTS_DIR; };
		CF0665F3679A6B6B94C4BAC6 /* TuistAssets+IosApp.swift */ = {isa = PBXFileReference; lastKnownFileType = sourcecode.swift; path = "TuistAssets+IosApp.swift"; sourceTree = "<group>"; };
		E23512463374DDF4EBDD9DC7 /* Feature-a-Info.plist */ = {isa = PBXFileReference; lastKnownFileType = text.plist; path = "Feature-a-Info.plist"; sourceTree = "<group>"; };
		E2CDEEC2E17C440F7A517F0E /* FeatureAView.swift */ = {isa = PBXFileReference; lastKnownFileType = sourcecode.swift; path = FeatureAView.swift; sourceTree = "<group>"; };
		F0E3C4EBFEA553FEBB241D44 /* ios-app.xcconfig */ = {isa = PBXFileReference; lastKnownFileType = text.xcconfig; path = "ios-app.xcconfig"; sourceTree = "<group>"; };
/* End PBXFileReference section */

/* Begin PBXFrameworksBuildPhase section */
		468C8F5E2550F9D14DD44DEB /* Frameworks */ = {
			isa = PBXFrameworksBuildPhase;
			buildActionMask = 2147483647;
			files = (
				CE7E906BFACB0C052BCA72A6 /* KMPFramework.framework in Frameworks */,
			);
			runOnlyForDeploymentPostprocessing = 0;
		};
		85086FAE523C91584760A0F4 /* Frameworks */ = {
			isa = PBXFrameworksBuildPhase;
			buildActionMask = 2147483647;
			files = (
				5BC01E2DCA2BE1B19B4CFFAF /* Feature_a.framework in Frameworks */,
			);
			runOnlyForDeploymentPostprocessing = 0;
		};
		B2658DB5750DFFF50F61D5F8 /* Frameworks */ = {
			isa = PBXFrameworksBuildPhase;
			buildActionMask = 2147483647;
			files = (
			);
			runOnlyForDeploymentPostprocessing = 0;
		};
/* End PBXFrameworksBuildPhase section */

/* Begin PBXGroup section */
		366CBDD5A81FF6A7D4D44996 /* Products */ = {
			isa = PBXGroup;
			children = (
				886D5A178294D9B74FCD9D03 /* Feature_a.framework */,
				05BD767CD9D7F93BAD59F500 /* ios_app.app */,
				C3E594F9C67583494DB08353 /* KMPFramework.framework */,
			);
			name = Products;
			sourceTree = "<group>";
		};
		3E2C07567A1E90A49656D069 /* Preview Content */ = {
			isa = PBXGroup;
			children = (
				4F6646D671B743A891E8EC24 /* Preview Assets.xcassets */,
			);
			path = "Preview Content";
			sourceTree = "<group>";
		};
		68E2E0EBEBED25E785A6FDAC /* InfoPlists */ = {
			isa = PBXGroup;
			children = (
				E23512463374DDF4EBDD9DC7 /* Feature-a-Info.plist */,
				AABF105587A2F09DA684254C /* ios-app-Info.plist */,
				3F4BB24710085A22E9466FFA /* KMPFramework-Info.plist */,
			);
			path = InfoPlists;
			sourceTree = "<group>";
		};
		6B76ADEDAB87F8B50E3730F1 /* ios-app */ = {
			isa = PBXGroup;
			children = (
				3E2C07567A1E90A49656D069 /* Preview Content */,
				9A4FCF0A81BF8FBD17D57D72 /* Assets.xcassets */,
				B1440446E6794FFFCB1D192E /* ContentView.swift */,
				BCB521EF95083CCDC3DB351D /* iOSApp.swift */,
			);
			path = "ios-app";
			sourceTree = "<group>";
		};
		6E7A528F5FDE744BB585FD10 /* KMPFramework */ = {
			isa = PBXGroup;
			children = (
				36EFA29666CA2D8D90489AF4 /* KmpFramework.swift */,
			);
			path = KMPFramework;
			sourceTree = "<group>";
		};
		CCA7C53727D44EF59EF051E1 /* Feature-a */ = {
			isa = PBXGroup;
			children = (
				E2CDEEC2E17C440F7A517F0E /* FeatureAView.swift */,
			);
			path = "Feature-a";
			sourceTree = "<group>";
		};
		D0374E40F963230CE94F80C6 /* xcconfigs */ = {
			isa = PBXGroup;
			children = (
				F0E3C4EBFEA553FEBB241D44 /* ios-app.xcconfig */,
			);
			path = xcconfigs;
			sourceTree = "<group>";
		};
		D803A65BE072134D3C935BF1 /* Derived */ = {
			isa = PBXGroup;
			children = (
				68E2E0EBEBED25E785A6FDAC /* InfoPlists */,
				F58CB9C5F7062CAA3EB018B9 /* Sources */,
			);
			path = Derived;
			sourceTree = "<group>";
		};
		E3D3C85EBAA3388EEDBA60AA = {
			isa = PBXGroup;
			children = (
				366CBDD5A81FF6A7D4D44996 /* Products */,
				F4BABBF586512FB06ED5ACD5 /* Project */,
			);
			sourceTree = "<group>";
		};
		F4BABBF586512FB06ED5ACD5 /* Project */ = {
			isa = PBXGroup;
			children = (
				D803A65BE072134D3C935BF1 /* Derived */,
				CCA7C53727D44EF59EF051E1 /* Feature-a */,
				6B76ADEDAB87F8B50E3730F1 /* ios-app */,
				6E7A528F5FDE744BB585FD10 /* KMPFramework */,
				D0374E40F963230CE94F80C6 /* xcconfigs */,
			);
			name = Project;
			sourceTree = "<group>";
		};
		F58CB9C5F7062CAA3EB018B9 /* Sources */ = {
			isa = PBXGroup;
			children = (
				CF0665F3679A6B6B94C4BAC6 /* TuistAssets+IosApp.swift */,
				0D254366AFC451A43819AE94 /* TuistBundle+IosApp.swift */,
			);
			path = Sources;
			sourceTree = "<group>";
		};
/* End PBXGroup section */

/* Begin PBXNativeTarget section */
		33FE20A58D1391962B6A8923 /* KMPFramework */ = {
			isa = PBXNativeTarget;
			buildConfigurationList = BCD13AAAFD45308435D6661F /* Build configuration list for PBXNativeTarget "KMPFramework" */;
			buildPhases = (
				110AA38ED74C1CD70D724060 /* Compile Kotlin Framework */,
				B3783168983AA364A443A5DA /* Sources */,
				AE11BA7328CD419195B08134 /* Resources */,
				B2658DB5750DFFF50F61D5F8 /* Frameworks */,
				2F525550D3B62EFBFFCF0487 /* Embed Frameworks */,
			);
			buildRules = (
			);
			dependencies = (
			);
			name = KMPFramework;
			packageProductDependencies = (
			);
			productName = KMPFramework;
			productReference = C3E594F9C67583494DB08353 /* KMPFramework.framework */;
			productType = "com.apple.product-type.framework";
		};
		3B44B85651061F0CBF62D4B3 /* Feature-a */ = {
			isa = PBXNativeTarget;
			buildConfigurationList = 6A7DFECF4831F117CEB2BE05 /* Build configuration list for PBXNativeTarget "Feature-a" */;
			buildPhases = (
				B9EA2DEA785D70A7466D58CD /* Sources */,
				77698A96C91357A423707DD0 /* Resources */,
				468C8F5E2550F9D14DD44DEB /* Frameworks */,
				8E878AE6DC214D4F7EF97DBB /* Embed Frameworks */,
			);
			buildRules = (
			);
			dependencies = (
				5691B24E53958FE55602616A /* PBXTargetDependency */,
			);
			name = "Feature-a";
			packageProductDependencies = (
			);
			productName = Feature_a;
			productReference = 886D5A178294D9B74FCD9D03 /* Feature_a.framework */;
			productType = "com.apple.product-type.framework";
		};
		FC1DD20D21A034E5D954D341 /* ios-app */ = {
			isa = PBXNativeTarget;
			buildConfigurationList = 032A87B8DE408205AD184F59 /* Build configuration list for PBXNativeTarget "ios-app" */;
			buildPhases = (
				F2FE3E4B89686B3751E26793 /* Sources */,
				85BCC33E7072B828DCF2439C /* Resources */,
				85086FAE523C91584760A0F4 /* Frameworks */,
				D7CC586719AF243A8C8DFB47 /* Embed Frameworks */,
			);
			buildRules = (
			);
			dependencies = (
				80C40CA21E5D15FFDE7ABDD2 /* PBXTargetDependency */,
			);
			name = "ios-app";
			packageProductDependencies = (
			);
			productName = ios_app;
			productReference = 05BD767CD9D7F93BAD59F500 /* ios_app.app */;
			productType = "com.apple.product-type.application";
		};
/* End PBXNativeTarget section */

/* Begin PBXProject section */
		0EE6967BC4D48AACAA44C723 /* Project object */ = {
			isa = PBXProject;
			attributes = {
				BuildIndependentTargetsInParallel = YES;
				TargetAttributes = {
				};
			};
			buildConfigurationList = 4E02D9E7D979ADC62A5E35A5 /* Build configuration list for PBXProject "ios-app" */;
			compatibilityVersion = "Xcode 14.0";
			developmentRegion = en;
			hasScannedForEncodings = 0;
			knownRegions = (
				Base,
				en,
			);
			mainGroup = E3D3C85EBAA3388EEDBA60AA;
			productRefGroup = 366CBDD5A81FF6A7D4D44996 /* Products */;
			projectDirPath = "";
			projectRoot = "";
			targets = (
				3B44B85651061F0CBF62D4B3 /* Feature-a */,
				33FE20A58D1391962B6A8923 /* KMPFramework */,
				FC1DD20D21A034E5D954D341 /* ios-app */,
			);
		};
/* End PBXProject section */

/* Begin PBXResourcesBuildPhase section */
		77698A96C91357A423707DD0 /* Resources */ = {
			isa = PBXResourcesBuildPhase;
			buildActionMask = 2147483647;
			files = (
			);
			runOnlyForDeploymentPostprocessing = 0;
		};
		85BCC33E7072B828DCF2439C /* Resources */ = {
			isa = PBXResourcesBuildPhase;
			buildActionMask = 2147483647;
			files = (
				6F153DB640AB7F1C9A7483D4 /* Assets.xcassets in Resources */,
				A8F2CDEEE7AD44491BE044AB /* ContentView.swift in Resources */,
				BF2344A464C56593017A4A96 /* Preview Assets.xcassets in Resources */,
				408E5F60F73777AF35BEDE77 /* iOSApp.swift in Resources */,
			);
			runOnlyForDeploymentPostprocessing = 0;
		};
		AE11BA7328CD419195B08134 /* Resources */ = {
			isa = PBXResourcesBuildPhase;
			buildActionMask = 2147483647;
			files = (
			);
			runOnlyForDeploymentPostprocessing = 0;
		};
/* End PBXResourcesBuildPhase section */

/* Begin PBXShellScriptBuildPhase section */
		110AA38ED74C1CD70D724060 /* Compile Kotlin Framework */ = {
			isa = PBXShellScriptBuildPhase;
			buildActionMask = 2147483647;
			files = (
			);
			inputFileListPaths = (
			);
			inputPaths = (
			);
			name = "Compile Kotlin Framework";
			outputFileListPaths = (
			);
			outputPaths = (
			);
			runOnlyForDeploymentPostprocessing = 0;
			shellPath = /bin/sh;
			shellScript = "cd \"$SRCROOT/..\"\n./gradlew :ios:kmp-umbrella:embedAndSignAppleFrameworkForXcode";
		};
/* End PBXShellScriptBuildPhase section */

/* Begin PBXSourcesBuildPhase section */
		B3783168983AA364A443A5DA /* Sources */ = {
			isa = PBXSourcesBuildPhase;
			buildActionMask = 2147483647;
			files = (
				F2B13B295DE8EF96EC393256 /* KmpFramework.swift in Sources */,
			);
			runOnlyForDeploymentPostprocessing = 0;
		};
		B9EA2DEA785D70A7466D58CD /* Sources */ = {
			isa = PBXSourcesBuildPhase;
			buildActionMask = 2147483647;
			files = (
				0A4197DF949E9BB3658A851B /* FeatureAView.swift in Sources */,
			);
			runOnlyForDeploymentPostprocessing = 0;
		};
		F2FE3E4B89686B3751E26793 /* Sources */ = {
			isa = PBXSourcesBuildPhase;
			buildActionMask = 2147483647;
			files = (
				A98409911835C7E75D709533 /* TuistAssets+IosApp.swift in Sources */,
				89F3E57B8650324DD6D68677 /* TuistBundle+IosApp.swift in Sources */,
				800A0795A2F7145042901588 /* ContentView.swift in Sources */,
				CBA6C3FF4057013838BD1DF8 /* iOSApp.swift in Sources */,
			);
			runOnlyForDeploymentPostprocessing = 0;
		};
/* End PBXSourcesBuildPhase section */

/* Begin PBXTargetDependency section */
		5691B24E53958FE55602616A /* PBXTargetDependency */ = {
			isa = PBXTargetDependency;
			name = KMPFramework;
			target = 33FE20A58D1391962B6A8923 /* KMPFramework */;
			targetProxy = B8C209AD13AB3BB25E3AC564 /* PBXContainerItemProxy */;
		};
		80C40CA21E5D15FFDE7ABDD2 /* PBXTargetDependency */ = {
			isa = PBXTargetDependency;
			name = "Feature-a";
			target = 3B44B85651061F0CBF62D4B3 /* Feature-a */;
			targetProxy = 9E7DD28067149BD32791A42C /* PBXContainerItemProxy */;
		};
/* End PBXTargetDependency section */

/* Begin XCBuildConfiguration section */
		0E646B20F2145900972A59B0 /* Release */ = {
			isa = XCBuildConfiguration;
			buildSettings = {
				CODE_SIGN_IDENTITY = "";
				CURRENT_PROJECT_VERSION = 1;
				DEFINES_MODULE = YES;
				DYLIB_COMPATIBILITY_VERSION = 1;
				DYLIB_CURRENT_VERSION = 1;
				DYLIB_INSTALL_NAME_BASE = "@rpath";
				INFOPLIST_FILE = "Derived/InfoPlists/Feature-a-Info.plist";
				INSTALL_PATH = "$(LOCAL_LIBRARY_DIR)/Frameworks";
				LD_RUNPATH_SEARCH_PATHS = (
					"$(inherited)",
					"@executable_path/Frameworks",
					"@loader_path/Frameworks",
				);
				PRODUCT_BUNDLE_IDENTIFIER = "$(PRODUCT_BUNDLE_IDENTIFIER).feature.a";
				PRODUCT_NAME = Feature_a;
				SDKROOT = iphoneos;
				SKIP_INSTALL = YES;
				SUPPORTS_MACCATALYST = NO;
				SUPPORTS_MAC_DESIGNED_FOR_IPHONE_IPAD = YES;
				SUPPORTS_XR_DESIGNED_FOR_IPHONE_IPAD = NO;
				SWIFT_COMPILATION_MODE = wholemodule;
				SWIFT_OPTIMIZATION_LEVEL = "-O";
				SWIFT_VERSION = 5.0;
				TARGETED_DEVICE_FAMILY = "1,2";
				VERSIONING_SYSTEM = "apple-generic";
				VERSION_INFO_PREFIX = "";
			};
			name = Release;
		};
		6D03FF8E5EB6E6B94AB0EDFC /* Debug */ = {
			isa = XCBuildConfiguration;
			baseConfigurationReference = F0E3C4EBFEA553FEBB241D44 /* ios-app.xcconfig */;
			buildSettings = {
				ALWAYS_SEARCH_USER_PATHS = NO;
				CLANG_ANALYZER_LOCALIZABILITY_NONLOCALIZED = YES;
				CLANG_ANALYZER_NONNULL = YES;
				CLANG_ANALYZER_NUMBER_OBJECT_CONVERSION = YES_AGGRESSIVE;
				CLANG_CXX_LANGUAGE_STANDARD = "gnu++14";
				CLANG_CXX_LIBRARY = "libc++";
				CLANG_ENABLE_MODULES = YES;
				CLANG_ENABLE_OBJC_ARC = YES;
				CLANG_ENABLE_OBJC_WEAK = YES;
				CLANG_WARN_BLOCK_CAPTURE_AUTORELEASING = YES;
				CLANG_WARN_BOOL_CONVERSION = YES;
				CLANG_WARN_COMMA = YES;
				CLANG_WARN_CONSTANT_CONVERSION = YES;
				CLANG_WARN_DEPRECATED_OBJC_IMPLEMENTATIONS = YES;
				CLANG_WARN_DIRECT_OBJC_ISA_USAGE = YES_ERROR;
				CLANG_WARN_DOCUMENTATION_COMMENTS = YES;
				CLANG_WARN_EMPTY_BODY = YES;
				CLANG_WARN_ENUM_CONVERSION = YES;
				CLANG_WARN_INFINITE_RECURSION = YES;
				CLANG_WARN_INT_CONVERSION = YES;
				CLANG_WARN_NON_LITERAL_NULL_CONVERSION = YES;
				CLANG_WARN_OBJC_IMPLICIT_RETAIN_SELF = YES;
				CLANG_WARN_OBJC_LITERAL_CONVERSION = YES;
				CLANG_WARN_OBJC_ROOT_CLASS = YES_ERROR;
				CLANG_WARN_QUOTED_INCLUDE_IN_FRAMEWORK_HEADER = YES;
				CLANG_WARN_RANGE_LOOP_ANALYSIS = YES;
				CLANG_WARN_STRICT_PROTOTYPES = YES;
				CLANG_WARN_SUSPICIOUS_MOVE = YES;
				CLANG_WARN_UNGUARDED_AVAILABILITY = YES_AGGRESSIVE;
				CLANG_WARN_UNREACHABLE_CODE = YES;
				CLANG_WARN__DUPLICATE_METHOD_MATCH = YES;
				COPY_PHASE_STRIP = NO;
				DEAD_CODE_STRIPPING = YES;
				DEBUG_INFORMATION_FORMAT = dwarf;
				ENABLE_STRICT_OBJC_MSGSEND = YES;
				ENABLE_TESTABILITY = YES;
				GCC_C_LANGUAGE_STANDARD = gnu11;
				GCC_DYNAMIC_NO_PIC = NO;
				GCC_NO_COMMON_BLOCKS = YES;
				GCC_OPTIMIZATION_LEVEL = 0;
				GCC_PREPROCESSOR_DEFINITIONS = (
					"DEBUG=1",
					"$(inherited)",
				);
				GCC_WARN_64_TO_32_BIT_CONVERSION = YES;
				GCC_WARN_ABOUT_RETURN_TYPE = YES_ERROR;
				GCC_WARN_UNDECLARED_SELECTOR = YES;
				GCC_WARN_UNINITIALIZED_AUTOS = YES_AGGRESSIVE;
				GCC_WARN_UNUSED_FUNCTION = YES;
				GCC_WARN_UNUSED_VARIABLE = YES;
				MTL_ENABLE_DEBUG_INFO = YES;
				ONLY_ACTIVE_ARCH = YES;
				PRODUCT_NAME = "$(TARGET_NAME)";
			};
			name = Debug;
		};
		8BECE36A1DE3462C5B54854C /* Debug */ = {
			isa = XCBuildConfiguration;
			buildSettings = {
				ASSETCATALOG_COMPILER_APPICON_NAME = AppIcon;
				ASSETCATALOG_COMPILER_GLOBAL_ACCENT_COLOR_NAME = AccentColor;
				CODE_SIGN_IDENTITY = "iPhone Developer";
				ENABLE_PREVIEWS = YES;
				INFOPLIST_FILE = "Derived/InfoPlists/ios-app-Info.plist";
				LD_RUNPATH_SEARCH_PATHS = (
					"$(inherited)",
					"@executable_path/Frameworks",
				);
				PRODUCT_BUNDLE_IDENTIFIER = "$(PRODUCT_BUNDLE_IDENTIFIER)";
				PRODUCT_NAME = ios_app;
				SDKROOT = iphoneos;
				SUPPORTS_MACCATALYST = NO;
				SUPPORTS_MAC_DESIGNED_FOR_IPHONE_IPAD = YES;
				SUPPORTS_XR_DESIGNED_FOR_IPHONE_IPAD = NO;
				SWIFT_ACTIVE_COMPILATION_CONDITIONS = (
					"$(inherited)",
					DEBUG,
				);
				SWIFT_COMPILATION_MODE = singlefile;
				SWIFT_OPTIMIZATION_LEVEL = "-Onone";
				SWIFT_VERSION = 5.0;
				TARGETED_DEVICE_FAMILY = "1,2";
			};
			name = Debug;
		};
		A550C9558E178260CB9238CE /* Debug */ = {
			isa = XCBuildConfiguration;
			buildSettings = {
				CODE_SIGN_IDENTITY = "";
				CURRENT_PROJECT_VERSION = 1;
				DEFINES_MODULE = YES;
				DYLIB_COMPATIBILITY_VERSION = 1;
				DYLIB_CURRENT_VERSION = 1;
				DYLIB_INSTALL_NAME_BASE = "@rpath";
				INFOPLIST_FILE = "Derived/InfoPlists/Feature-a-Info.plist";
				INSTALL_PATH = "$(LOCAL_LIBRARY_DIR)/Frameworks";
				LD_RUNPATH_SEARCH_PATHS = (
					"$(inherited)",
					"@executable_path/Frameworks",
					"@loader_path/Frameworks",
				);
				PRODUCT_BUNDLE_IDENTIFIER = "$(PRODUCT_BUNDLE_IDENTIFIER).feature.a";
				PRODUCT_NAME = Feature_a;
				SDKROOT = iphoneos;
				SKIP_INSTALL = YES;
				SUPPORTS_MACCATALYST = NO;
				SUPPORTS_MAC_DESIGNED_FOR_IPHONE_IPAD = YES;
				SUPPORTS_XR_DESIGNED_FOR_IPHONE_IPAD = NO;
				SWIFT_ACTIVE_COMPILATION_CONDITIONS = (
					"$(inherited)",
					DEBUG,
				);
				SWIFT_COMPILATION_MODE = singlefile;
				SWIFT_OPTIMIZATION_LEVEL = "-Onone";
				SWIFT_VERSION = 5.0;
				TARGETED_DEVICE_FAMILY = "1,2";
				VERSIONING_SYSTEM = "apple-generic";
				VERSION_INFO_PREFIX = "";
			};
			name = Debug;
		};
		A9F6A7B25AC72F86257026D4 /* Release */ = {
			isa = XCBuildConfiguration;
			buildSettings = {
				ASSETCATALOG_COMPILER_APPICON_NAME = AppIcon;
				ASSETCATALOG_COMPILER_GLOBAL_ACCENT_COLOR_NAME = AccentColor;
				CODE_SIGN_IDENTITY = "iPhone Developer";
				ENABLE_PREVIEWS = YES;
				INFOPLIST_FILE = "Derived/InfoPlists/ios-app-Info.plist";
				LD_RUNPATH_SEARCH_PATHS = (
					"$(inherited)",
					"@executable_path/Frameworks",
				);
				PRODUCT_BUNDLE_IDENTIFIER = "$(PRODUCT_BUNDLE_IDENTIFIER)";
				PRODUCT_NAME = ios_app;
				SDKROOT = iphoneos;
				SUPPORTS_MACCATALYST = NO;
				SUPPORTS_MAC_DESIGNED_FOR_IPHONE_IPAD = YES;
				SUPPORTS_XR_DESIGNED_FOR_IPHONE_IPAD = NO;
				SWIFT_COMPILATION_MODE = wholemodule;
				SWIFT_OPTIMIZATION_LEVEL = "-O";
				SWIFT_VERSION = 5.0;
				TARGETED_DEVICE_FAMILY = "1,2";
			};
			name = Release;
		};
		E3791687D831283ED7CA96CD /* Release */ = {
			isa = XCBuildConfiguration;
			baseConfigurationReference = F0E3C4EBFEA553FEBB241D44 /* ios-app.xcconfig */;
			buildSettings = {
				ALWAYS_SEARCH_USER_PATHS = NO;
				CLANG_ANALYZER_LOCALIZABILITY_NONLOCALIZED = YES;
				CLANG_ANALYZER_NONNULL = YES;
				CLANG_ANALYZER_NUMBER_OBJECT_CONVERSION = YES_AGGRESSIVE;
				CLANG_CXX_LANGUAGE_STANDARD = "gnu++14";
				CLANG_CXX_LIBRARY = "libc++";
				CLANG_ENABLE_MODULES = YES;
				CLANG_ENABLE_OBJC_ARC = YES;
				CLANG_ENABLE_OBJC_WEAK = YES;
				CLANG_WARN_BLOCK_CAPTURE_AUTORELEASING = YES;
				CLANG_WARN_BOOL_CONVERSION = YES;
				CLANG_WARN_COMMA = YES;
				CLANG_WARN_CONSTANT_CONVERSION = YES;
				CLANG_WARN_DEPRECATED_OBJC_IMPLEMENTATIONS = YES;
				CLANG_WARN_DIRECT_OBJC_ISA_USAGE = YES_ERROR;
				CLANG_WARN_DOCUMENTATION_COMMENTS = YES;
				CLANG_WARN_EMPTY_BODY = YES;
				CLANG_WARN_ENUM_CONVERSION = YES;
				CLANG_WARN_INFINITE_RECURSION = YES;
				CLANG_WARN_INT_CONVERSION = YES;
				CLANG_WARN_NON_LITERAL_NULL_CONVERSION = YES;
				CLANG_WARN_OBJC_IMPLICIT_RETAIN_SELF = YES;
				CLANG_WARN_OBJC_LITERAL_CONVERSION = YES;
				CLANG_WARN_OBJC_ROOT_CLASS = YES_ERROR;
				CLANG_WARN_QUOTED_INCLUDE_IN_FRAMEWORK_HEADER = YES;
				CLANG_WARN_RANGE_LOOP_ANALYSIS = YES;
				CLANG_WARN_STRICT_PROTOTYPES = YES;
				CLANG_WARN_SUSPICIOUS_MOVE = YES;
				CLANG_WARN_UNGUARDED_AVAILABILITY = YES_AGGRESSIVE;
				CLANG_WARN_UNREACHABLE_CODE = YES;
				CLANG_WARN__DUPLICATE_METHOD_MATCH = YES;
				COPY_PHASE_STRIP = NO;
				DEAD_CODE_STRIPPING = YES;
				DEBUG_INFORMATION_FORMAT = "dwarf-with-dsym";
				ENABLE_NS_ASSERTIONS = NO;
				ENABLE_STRICT_OBJC_MSGSEND = YES;
				GCC_C_LANGUAGE_STANDARD = gnu11;
				GCC_NO_COMMON_BLOCKS = YES;
				GCC_WARN_64_TO_32_BIT_CONVERSION = YES;
				GCC_WARN_ABOUT_RETURN_TYPE = YES_ERROR;
				GCC_WARN_UNDECLARED_SELECTOR = YES;
				GCC_WARN_UNINITIALIZED_AUTOS = YES_AGGRESSIVE;
				GCC_WARN_UNUSED_FUNCTION = YES;
				GCC_WARN_UNUSED_VARIABLE = YES;
				MTL_ENABLE_DEBUG_INFO = NO;
				PRODUCT_NAME = "$(TARGET_NAME)";
				VALIDATE_PRODUCT = YES;
			};
			name = Release;
		};
		ECF29DD7E194ACAC9745483D /* Debug */ = {
			isa = XCBuildConfiguration;
			buildSettings = {
				CODE_SIGN_IDENTITY = "";
				CURRENT_PROJECT_VERSION = 1;
				DEFINES_MODULE = YES;
				DYLIB_COMPATIBILITY_VERSION = 1;
				DYLIB_CURRENT_VERSION = 1;
				DYLIB_INSTALL_NAME_BASE = "@rpath";
				FRAMEWORK_SEARCH_PATHS = "kmp-umbrella/build/xcode-frameworks/**";
				INFOPLIST_FILE = "Derived/InfoPlists/KMPFramework-Info.plist";
				INSTALL_PATH = "$(LOCAL_LIBRARY_DIR)/Frameworks";
				LD_RUNPATH_SEARCH_PATHS = (
					"$(inherited)",
					"@executable_path/Frameworks",
					"@loader_path/Frameworks",
				);
				OTHER_LDFLAGS = "-framework shared";
				PRODUCT_BUNDLE_IDENTIFIER = "$(PRODUCT_BUNDLE_IDENTIFIER).kmp.framework";
				PRODUCT_NAME = KMPFramework;
				SDKROOT = iphoneos;
				SKIP_INSTALL = YES;
				SUPPORTS_MACCATALYST = NO;
				SUPPORTS_MAC_DESIGNED_FOR_IPHONE_IPAD = YES;
				SUPPORTS_XR_DESIGNED_FOR_IPHONE_IPAD = NO;
				SWIFT_ACTIVE_COMPILATION_CONDITIONS = (
					"$(inherited)",
					DEBUG,
				);
				SWIFT_COMPILATION_MODE = singlefile;
				SWIFT_OPTIMIZATION_LEVEL = "-Onone";
				SWIFT_VERSION = 5.0;
				TARGETED_DEVICE_FAMILY = "1,2";
				VERSIONING_SYSTEM = "apple-generic";
				VERSION_INFO_PREFIX = "";
			};
			name = Debug;
		};
		FBA23E2DDABA59410F54637C /* Release */ = {
			isa = XCBuildConfiguration;
			buildSettings = {
				CODE_SIGN_IDENTITY = "";
				CURRENT_PROJECT_VERSION = 1;
				DEFINES_MODULE = YES;
				DYLIB_COMPATIBILITY_VERSION = 1;
				DYLIB_CURRENT_VERSION = 1;
				DYLIB_INSTALL_NAME_BASE = "@rpath";
				FRAMEWORK_SEARCH_PATHS = "kmp-umbrella/build/xcode-frameworks/**";
				INFOPLIST_FILE = "Derived/InfoPlists/KMPFramework-Info.plist";
				INSTALL_PATH = "$(LOCAL_LIBRARY_DIR)/Frameworks";
				LD_RUNPATH_SEARCH_PATHS = (
					"$(inherited)",
					"@executable_path/Frameworks",
					"@loader_path/Frameworks",
				);
				OTHER_LDFLAGS = "-framework shared";
				PRODUCT_BUNDLE_IDENTIFIER = "$(PRODUCT_BUNDLE_IDENTIFIER).kmp.framework";
				PRODUCT_NAME = KMPFramework;
				SDKROOT = iphoneos;
				SKIP_INSTALL = YES;
				SUPPORTS_MACCATALYST = NO;
				SUPPORTS_MAC_DESIGNED_FOR_IPHONE_IPAD = YES;
				SUPPORTS_XR_DESIGNED_FOR_IPHONE_IPAD = NO;
				SWIFT_COMPILATION_MODE = wholemodule;
				SWIFT_OPTIMIZATION_LEVEL = "-O";
				SWIFT_VERSION = 5.0;
				TARGETED_DEVICE_FAMILY = "1,2";
				VERSIONING_SYSTEM = "apple-generic";
				VERSION_INFO_PREFIX = "";
			};
			name = Release;
		};
/* End XCBuildConfiguration section */

/* Begin XCConfigurationList section */
		032A87B8DE408205AD184F59 /* Build configuration list for PBXNativeTarget "ios-app" */ = {
			isa = XCConfigurationList;
			buildConfigurations = (
				8BECE36A1DE3462C5B54854C /* Debug */,
				A9F6A7B25AC72F86257026D4 /* Release */,
			);
			defaultConfigurationIsVisible = 0;
			defaultConfigurationName = Release;
		};
		4E02D9E7D979ADC62A5E35A5 /* Build configuration list for PBXProject "ios-app" */ = {
			isa = XCConfigurationList;
			buildConfigurations = (
				6D03FF8E5EB6E6B94AB0EDFC /* Debug */,
				E3791687D831283ED7CA96CD /* Release */,
			);
			defaultConfigurationIsVisible = 0;
			defaultConfigurationName = Release;
		};
		6A7DFECF4831F117CEB2BE05 /* Build configuration list for PBXNativeTarget "Feature-a" */ = {
			isa = XCConfigurationList;
			buildConfigurations = (
				A550C9558E178260CB9238CE /* Debug */,
				0E646B20F2145900972A59B0 /* Release */,
			);
			defaultConfigurationIsVisible = 0;
			defaultConfigurationName = Release;
		};
		BCD13AAAFD45308435D6661F /* Build configuration list for PBXNativeTarget "KMPFramework" */ = {
			isa = XCConfigurationList;
			buildConfigurations = (
				ECF29DD7E194ACAC9745483D /* Debug */,
				FBA23E2DDABA59410F54637C /* Release */,
			);
			defaultConfigurationIsVisible = 0;
			defaultConfigurationName = Release;
		};
/* End XCConfigurationList section */
	};
	rootObject = 0EE6967BC4D48AACAA44C723 /* Project object */;
}
